
Microsoft Visual Studio Solution File, Format Version 12.00
# Visual Studio 2012
Project("{FAE04EC0-301F-11D3-BF4B-00C04F79EFBC}") = "PlayWithRavenDb", "PlayWithRavenDb\PlayWithRavenDb.csproj", "{EF1B405A-0437-42F9-AA55-1EC9E76F044D}"
EndProject
Project("{FAE04EC0-301F-11D3-BF4B-00C04F79EFBC}") = "RavenDbHost", "RavenDbHost\RavenDbHost.csproj", "{69A84DDF-B1C2-4A98-9E5B-69D9B7121231}"
EndProject
Global
	GlobalSection(SolutionConfigurationPlatforms) = preSolution
		Debug|Any CPU = Debug|Any CPU
		Release|Any CPU = Release|Any CPU
	EndGlobalSection
	GlobalSection(ProjectConfigurationPlatforms) = postSolution
		{EF1B405A-0437-42F9-AA55-1EC9E76F044D}.Debug|Any CPU.ActiveCfg = Debug|Any CPU
		{EF1B405A-0437-42F9-AA55-1EC9E76F044D}.Debug|Any CPU.Build.0 = Debug|Any CPU
		{EF1B405A-0437-42F9-AA55-1EC9E76F044D}.Release|Any CPU.ActiveCfg = Release|Any CPU
		{EF1B405A-0437-42F9-AA55-1EC9E76F044D}.Release|Any CPU.Build.0 = Release|Any CPU
		{69A84DDF-B1C2-4A98-9E5B-69D9B7121231}.Debug|Any CPU.ActiveCfg = Debug|Any CPU
		{69A84DDF-B1C2-4A98-9E5B-69D9B7121231}.Debug|Any CPU.Build.0 = Debug|Any CPU
		{69A84DDF-B1C2-4A98-9E5B-69D9B7121231}.Release|Any CPU.ActiveCfg = Release|Any CPU
		{69A84DDF-B1C2-4A98-9E5B-69D9B7121231}.Release|Any CPU.Build.0 = Release|Any CPU
	EndGlobalSection
	GlobalSection(SolutionProperties) = preSolution
		HideSolutionNode = FALSE
	EndGlobalSection
EndGlobal
